{
  "projects": [
    {
      "projectId": "3BrPZrmc1kdrM9wAtZgcTj",
      "version": "latest",
      "dependencies": {},
      "lang": "js",
      "fileLocks": [
        {
          "type": "globalVariant",
          "assetId": "D8MG_gZxmo20y",
          "checksum": "b16296ba220bef064d5a46dfc24b4cd7"
        },
        {
          "type": "renderModule",
          "assetId": "OlUZWKGexJE0",
          "checksum": "dd2b4d058c6b220fb64feb68869ceadf"
        },
        {
          "type": "cssRules",
          "assetId": "OlUZWKGexJE0",
          "checksum": "dd2b4d058c6b220fb64feb68869ceadf"
        },
        {
          "type": "renderModule",
          "assetId": "5uvEhgkJah",
          "checksum": "4c5d2afe52b73f9dab248b4fbbf2584c"
        },
        {
          "type": "cssRules",
          "assetId": "5uvEhgkJah",
          "checksum": "4c5d2afe52b73f9dab248b4fbbf2584c"
        },
        {
          "type": "renderModule",
          "assetId": "GoXSSwCM9cM",
          "checksum": "6c93327aa3999aab76af0a8d386b29a6"
        },
        {
          "type": "cssRules",
          "assetId": "GoXSSwCM9cM",
          "checksum": "6c93327aa3999aab76af0a8d386b29a6"
        },
        {
          "type": "icon",
          "assetId": "2VukVvM3mTt",
          "checksum": "9d86af9c0c94af224684fc00681fd486"
        },
        {
          "type": "icon",
          "assetId": "DhFxhvmKV_h",
          "checksum": "4914347f6b3e64136e91aa0ecaaf3f28"
        },
        {
          "type": "renderModule",
          "assetId": "fYmcZ6DgAe",
          "checksum": "90f4eb73ebad93209f32dd902be4f8fe"
        },
        {
          "type": "cssRules",
          "assetId": "fYmcZ6DgAe",
          "checksum": "90f4eb73ebad93209f32dd902be4f8fe"
        },
        {
          "type": "renderModule",
          "assetId": "Y_RrwUO0qj",
          "checksum": "764b24c09f9ea903ad4327bbef8f71de"
        },
        {
          "type": "cssRules",
          "assetId": "Y_RrwUO0qj",
          "checksum": "764b24c09f9ea903ad4327bbef8f71de"
        },
        {
          "type": "renderModule",
          "assetId": "mG6Doo9823",
          "checksum": "656a5bdcc979e453e8f847c4f525968c"
        },
        {
          "type": "cssRules",
          "assetId": "mG6Doo9823",
          "checksum": "656a5bdcc979e453e8f847c4f525968c"
        },
        {
          "type": "renderModule",
          "assetId": "D_5NwTMa2Ey",
          "checksum": "65e5ab7133c5907e305ea4a36db4daf1"
        },
        {
          "type": "cssRules",
          "assetId": "D_5NwTMa2Ey",
          "checksum": "65e5ab7133c5907e305ea4a36db4daf1"
        },
        {
          "type": "icon",
          "assetId": "mP6wsY2-5di",
          "checksum": "7e051068cb53aee3521209ab5747f034"
        },
        {
          "type": "icon",
          "assetId": "d7LwcxceQ",
          "checksum": "a71aa2cab60bd0f326403bfd8a5c1d9e"
        },
        {
          "assetId": "3BrPZrmc1kdrM9wAtZgcTj",
          "type": "projectCss",
          "checksum": "b04993fc909ad4bb326794903f83681f"
        },
        {
          "type": "renderModule",
          "assetId": "HdGlyRlxme",
          "checksum": "102acde429186575b0ac91ab18319fb9"
        },
        {
          "type": "cssRules",
          "assetId": "HdGlyRlxme",
          "checksum": "102acde429186575b0ac91ab18319fb9"
        },
        {
          "type": "renderModule",
          "assetId": "CmVoENMZXh",
          "checksum": "f86ebe325de78d419a6c72cc4bee0eb1"
        },
        {
          "type": "cssRules",
          "assetId": "CmVoENMZXh",
          "checksum": "f86ebe325de78d419a6c72cc4bee0eb1"
        },
        {
          "type": "renderModule",
          "assetId": "qJKP5isJlr",
          "checksum": "f328f5ebbd59cc63583237af49ac52e7"
        },
        {
          "type": "cssRules",
          "assetId": "qJKP5isJlr",
          "checksum": "f328f5ebbd59cc63583237af49ac52e7"
        },
        {
          "type": "renderModule",
          "assetId": "FQyAt-uxPU",
          "checksum": "3a6e0e0b2b48909c9cfa19ab5097c83c"
        },
        {
          "type": "cssRules",
          "assetId": "FQyAt-uxPU",
          "checksum": "3a6e0e0b2b48909c9cfa19ab5097c83c"
        },
        {
          "type": "image",
          "assetId": "zwH_RRwhm",
          "checksum": "c2b1e7b2c1b264bf1ec3d1533002f747"
        }
      ],
      "codegenVersion": "0.0.1"
    }
  ],
  "cliVersion": "0.1.186"
}
